
Microsoft Visual Studio Solution File, Format Version 12.00
# Visual Studio Version 17
VisualStudioVersion = 17.12.35527.113
MinimumVisualStudioVersion = 10.0.40219.1
Project("{FAE04EC0-301F-11D3-BF4B-00C04F79EFBC}") = "imgui autooclicker", "imgui autooclicker.csproj", "{A5C4C18F-87C5-466D-8AB1-5D4BC6B0DEE2}"
EndProject
Global
	GlobalSection(SolutionConfigurationPlatforms) = preSolution
		Debug|Any CPU = Debug|Any CPU
		Release|Any CPU = Release|Any CPU
	EndGlobalSection
	GlobalSection(ProjectConfigurationPlatforms) = postSolution
		{A5C4C18F-87C5-466D-8AB1-5D4BC6B0DEE2}.Debug|Any CPU.ActiveCfg = Debug|Any CPU
		{A5C4C18F-87C5-466D-8AB1-5D4BC6B0DEE2}.Debug|Any CPU.Build.0 = Debug|Any CPU
		{A5C4C18F-87C5-466D-8AB1-5D4BC6B0DEE2}.Release|Any CPU.ActiveCfg = Release|Any CPU
		{A5C4C18F-87C5-466D-8AB1-5D4BC6B0DEE2}.Release|Any CPU.Build.0 = Release|Any CPU
	EndGlobalSection
	GlobalSection(SolutionProperties) = preSolution
		HideSolutionNode = FALSE
	EndGlobalSection
EndGlobal
